
Microsoft Visual Studio Solution File, Format Version 12.00
# Visual Studio Version 17
VisualStudioVersion = 17.10.34607.79
MinimumVisualStudioVersion = 10.0.40219.1
Project("{FAE04EC0-301F-11D3-BF4B-00C04F79EFBC}") = "ClassLibrary", "ClassLibrary\ClassLibrary.csproj", "{2BD28F54-1EF7-45EF-8814-9924620918C5}"
EndProject
Global
	GlobalSection(SolutionConfigurationPlatforms) = preSolution
		Debug|Any CPU = Debug|Any CPU
		Release|Any CPU = Release|Any CPU
	EndGlobalSection
	GlobalSection(ProjectConfigurationPlatforms) = postSolution
		{2BD28F54-1EF7-45EF-8814-9924620918C5}.Debug|Any CPU.ActiveCfg = Debug|Any CPU
		{2BD28F54-1EF7-45EF-8814-9924620918C5}.Debug|Any CPU.Build.0 = Debug|Any CPU
		{2BD28F54-1EF7-45EF-8814-9924620918C5}.Release|Any CPU.ActiveCfg = Release|Any CPU
		{2BD28F54-1EF7-45EF-8814-9924620918C5}.Release|Any CPU.Build.0 = Release|Any CPU
	EndGlobalSection
	GlobalSection(SolutionProperties) = preSolution
		HideSolutionNode = FALSE
	EndGlobalSection
	GlobalSection(ExtensibilityGlobals) = postSolution
		SolutionGuid = {508F21DF-0012-4CC4-B8C3-2239383256E0}
	EndGlobalSection
EndGlobal
